Microsoft Visual Studio Solution File, Format Version 7.00
Project("{8BC9CEB8-8B4A-11D0-8D11-00A0C91BC942}") = "myserver", "myserver.vcproj", "{18317468-CF8E-4E0F-AAAD-413B53C00277}"
EndProject
Project("{8BC9CEB8-8B4A-11D0-8D11-00A0C91BC942}") = "control", "control\control.vcproj", "{9E491532-42AB-405A-9E9C-99195F4DA361}"
EndProject
Project("{8BC9CEB8-8B4A-11D0-8D11-00A0C91BC942}") = "CGI-LIB", "CGI-LIB\CGI-LIB.vcproj", "{AA2FC8CC-2355-4403-96F9-CD6AC93D44BA}"
EndProject
Global
	GlobalSection(SolutionConfiguration) = preSolution
		ConfigName.0 = Debug
		ConfigName.1 = Release
	EndGlobalSection
	GlobalSection(ProjectDependencies) = postSolution
	EndGlobalSection
	GlobalSection(ProjectConfiguration) = postSolution
		{18317468-CF8E-4E0F-AAAD-413B53C00277}.Debug.ActiveCfg = Debug|Win32
		{18317468-CF8E-4E0F-AAAD-413B53C00277}.Debug.Build.0 = Debug|Win32
		{18317468-CF8E-4E0F-AAAD-413B53C00277}.Release.ActiveCfg = Release|Win32
		{18317468-CF8E-4E0F-AAAD-413B53C00277}.Release.Build.0 = Release|Win32
		{9E491532-42AB-405A-9E9C-99195F4DA361}.Debug.ActiveCfg = Debug|Win32
		{9E491532-42AB-405A-9E9C-99195F4DA361}.Debug.Build.0 = Debug|Win32
		{9E491532-42AB-405A-9E9C-99195F4DA361}.Release.ActiveCfg = Release|Win32
		{9E491532-42AB-405A-9E9C-99195F4DA361}.Release.Build.0 = Release|Win32
		{AA2FC8CC-2355-4403-96F9-CD6AC93D44BA}.Debug.ActiveCfg = Debug|Win32
		{AA2FC8CC-2355-4403-96F9-CD6AC93D44BA}.Debug.Build.0 = Debug|Win32
		{AA2FC8CC-2355-4403-96F9-CD6AC93D44BA}.Release.ActiveCfg = Release|Win32
		{AA2FC8CC-2355-4403-96F9-CD6AC93D44BA}.Release.Build.0 = Release|Win32
	EndGlobalSection
	GlobalSection(ExtensibilityGlobals) = postSolution
	EndGlobalSection
	GlobalSection(ExtensibilityAddIns) = postSolution
	EndGlobalSection
EndGlobal
